{
  "version": 4,
  "terraform_version": "1.1.3",
  "serial": 13,
  "lineage": "aa494d8a-db02-b0df-228f-114dcc432341",
  "outputs": {
    "password": {
      "value": [
        "wcFMA9bxBvVuF6gvARAAIbRW9TxtAjr0p7ySrhPro0hj8M9SrBsRYhrLKzqpwp7pgLfdQU5SgsEWYlX1l08YTgwjBygvUxeDQsgofE3ZGVrqZGp4Ca7VPZAyAX8TU1W4SjHv05eQjb2EVz5VtDWrSaovonF7VZgsnyI4v+p2VqCyX9VClcSIfPqRiogKpPvE/IEGav2K4xGp6IBMMt776kjT5bV9gYoocu1uWzOYlC4tcyzqywi6omx6maCn0jh086zvge+9cciqoXcrqi6al2aVIaSB8dyb/P8QVDd3lxqjMVMD5oQNgSOljb3Nbsam39u3Xao5bkknP0p1BGWaXvXGfc0B2gPQWj1brgxuqS5yMTFi+tc38ZbnTMBetSk8gMVvU6uAfvN7ePc24sD2eCCF/9JswIzwfJ0/0qUX69FaUOLNpb3j1/vJ2deKmpUIFMZKDaPhV8hi5pAP61MRvoVlEicnh30MTBgVvEc/b5Ze+VjYJgqJtHi1i5lXFddyz9MwgzfAsc0wlHWMdFxi8A1uDEkZ4epj7fy6kJBS8XiUssa9Ryl2e8xjlQW2YBVNJgR8V+W81fo14/QP9oM5oz4UaMEzLmAlfTI9uxNMNlNaa/6o3bxwwxldfH13GUh0Sjyd+TX7GxsU9gj6wMheU4XSmjpXI1u/QCtTdS1BseoKf1yOuDNVdgyYHMAzL/DS4AHk6SsuWRqeZGCpWt9i2T3EJeHZiuAw4G7hLb3gGuL1Uva74KTkHyqDnCoX63cj5gzWEPwECuBA4sw6cK3gauS1aUqPBM99rSL2FB57/VlH4obCZFHhSSgA"
      ],
      "type": [
        "tuple",
        [
          "string"
        ]
      ]
    }
  },
  "resources": [
    {
      "mode": "managed",
      "type": "aws_iam_account_password_policy",
      "name": "stric",
      "provider": "provider[\"registry.terraform.io/hashicorp/aws\"]",
      "instances": [
        {
          "schema_version": 0,
          "attributes": {
            "allow_users_to_change_password": true,
            "expire_passwords": false,
            "hard_expiry": false,
            "id": "iam-account-password-policy",
            "max_password_age": 0,
            "minimum_password_length": 8,
            "password_reuse_prevention": 0,
            "require_lowercase_characters": true,
            "require_numbers": true,
            "require_symbols": true,
            "require_uppercase_characters": true
          },
          "sensitive_attributes": [],
          "private": "bnVsbA=="
        }
      ]
    },
    {
      "mode": "managed",
      "type": "aws_iam_group",
      "name": "ec2-container-registry-power-user-group",
      "provider": "provider[\"registry.terraform.io/hashicorp/aws\"]",
      "instances": [
        {
          "schema_version": 0,
          "attributes": {
            "arn": "arn:aws:iam::057382994913:group/ec2-container-registry-power-user-group",
            "id": "ec2-container-registry-power-user-group",
            "name": "ec2-container-registry-power-user-group",
            "path": "/",
            "unique_id": "AGPAQ2XCLAPQRAFJ6HDT3"
          },
          "sensitive_attributes": [],
          "private": "bnVsbA=="
        }
      ]
    },
    {
      "mode": "managed",
      "type": "aws_iam_group_membership",
      "name": "assigment",
      "provider": "provider[\"registry.terraform.io/hashicorp/aws\"]",
      "instances": [
        {
          "schema_version": 0,
          "attributes": {
            "group": "ec2-container-registry-power-user-group",
            "id": "assigment",
            "name": "assigment",
            "users": [
              "user1",
              "user2"
            ]
          },
          "sensitive_attributes": [],
          "private": "bnVsbA==",
          "dependencies": [
            "aws_iam_group.ec2-container-registry-power-user-group",
            "aws_iam_user.user1",
            "aws_iam_user.user2"
          ]
        }
      ]
    },
    {
      "mode": "managed",
      "type": "aws_iam_user",
      "name": "user1",
      "provider": "provider[\"registry.terraform.io/hashicorp/aws\"]",
      "instances": [
        {
          "schema_version": 0,
          "attributes": {
            "arn": "arn:aws:iam::057382994913:user/user1",
            "force_destroy": false,
            "id": "user1",
            "name": "user1",
            "path": "/",
            "permissions_boundary": null,
            "tags": {},
            "tags_all": {},
            "unique_id": "AIDAQ2XCLAPQZCL43AXIR"
          },
          "sensitive_attributes": [],
          "private": "bnVsbA=="
        }
      ]
    },
    {
      "mode": "managed",
      "type": "aws_iam_user",
      "name": "user2",
      "provider": "provider[\"registry.terraform.io/hashicorp/aws\"]",
      "instances": [
        {
          "schema_version": 0,
          "attributes": {
            "arn": "arn:aws:iam::057382994913:user/user2",
            "force_destroy": false,
            "id": "user2",
            "name": "user2",
            "path": "/",
            "permissions_boundary": null,
            "tags": {},
            "tags_all": {},
            "unique_id": "AIDAQ2XCLAPQR2TQHFDHP"
          },
          "sensitive_attributes": [],
          "private": "bnVsbA=="
        }
      ]
    },
    {
      "mode": "managed",
      "type": "aws_iam_user_login_profile",
      "name": "login",
      "provider": "provider[\"registry.terraform.io/hashicorp/aws\"]",
      "instances": [
        {
          "schema_version": 0,
          "attributes": {
            "encrypted_password": "wcFMA9bxBvVuF6gvARAAIbRW9TxtAjr0p7ySrhPro0hj8M9SrBsRYhrLKzqpwp7pgLfdQU5SgsEWYlX1l08YTgwjBygvUxeDQsgofE3ZGVrqZGp4Ca7VPZAyAX8TU1W4SjHv05eQjb2EVz5VtDWrSaovonF7VZgsnyI4v+p2VqCyX9VClcSIfPqRiogKpPvE/IEGav2K4xGp6IBMMt776kjT5bV9gYoocu1uWzOYlC4tcyzqywi6omx6maCn0jh086zvge+9cciqoXcrqi6al2aVIaSB8dyb/P8QVDd3lxqjMVMD5oQNgSOljb3Nbsam39u3Xao5bkknP0p1BGWaXvXGfc0B2gPQWj1brgxuqS5yMTFi+tc38ZbnTMBetSk8gMVvU6uAfvN7ePc24sD2eCCF/9JswIzwfJ0/0qUX69FaUOLNpb3j1/vJ2deKmpUIFMZKDaPhV8hi5pAP61MRvoVlEicnh30MTBgVvEc/b5Ze+VjYJgqJtHi1i5lXFddyz9MwgzfAsc0wlHWMdFxi8A1uDEkZ4epj7fy6kJBS8XiUssa9Ryl2e8xjlQW2YBVNJgR8V+W81fo14/QP9oM5oz4UaMEzLmAlfTI9uxNMNlNaa/6o3bxwwxldfH13GUh0Sjyd+TX7GxsU9gj6wMheU4XSmjpXI1u/QCtTdS1BseoKf1yOuDNVdgyYHMAzL/DS4AHk6SsuWRqeZGCpWt9i2T3EJeHZiuAw4G7hLb3gGuL1Uva74KTkHyqDnCoX63cj5gzWEPwECuBA4sw6cK3gauS1aUqPBM99rSL2FB57/VlH4obCZFHhSSgA",
            "id": "user1",
            "key_fingerprint": "82814807f23da734584558eb348e459cc7b3da10",
            "password_length": 20,
            "password_reset_required": true,
            "pgp_key": "keybase:waseem9028",
            "user": "user1"
          },
          "sensitive_attributes": [],
          "private": "bnVsbA==",
          "dependencies": [
            "aws_iam_user.user1"
          ]
        }
      ]
    },
    {
      "mode": "managed",
      "type": "aws_instance",
      "name": "ubuntu-server",
      "provider": "provider[\"registry.terraform.io/hashicorp/aws\"]",
      "instances": [
        {
          "schema_version": 1,
          "attributes": {
            "ami": "ami-0fb653ca2d3203ac1",
            "arn": "arn:aws:ec2:us-east-2:057382994913:instance/i-0e06c123a1e4882cf",
            "associate_public_ip_address": true,
            "availability_zone": "us-east-2b",
            "capacity_reservation_specification": [
              {
                "capacity_reservation_preference": "open",
                "capacity_reservation_target": []
              }
            ],
            "cpu_core_count": 1,
            "cpu_threads_per_core": 1,
            "credit_specification": [
              {
                "cpu_credits": "standard"
              }
            ],
            "disable_api_termination": false,
            "ebs_block_device": [],
            "ebs_optimized": false,
            "enclave_options": [
              {
                "enabled": false
              }
            ],
            "ephemeral_block_device": [],
            "get_password_data": false,
            "hibernation": false,
            "host_id": null,
            "iam_instance_profile": "",
            "id": "i-0e06c123a1e4882cf",
            "instance_initiated_shutdown_behavior": "stop",
            "instance_state": "running",
            "instance_type": "t2.micro",
            "ipv6_address_count": 0,
            "ipv6_addresses": [],
            "key_name": "",
            "launch_template": [],
            "metadata_options": [
              {
                "http_endpoint": "enabled",
                "http_put_response_hop_limit": 1,
                "http_tokens": "optional"
              }
            ],
            "monitoring": false,
            "network_interface": [],
            "outpost_arn": "",
            "password_data": "",
            "placement_group": "",
            "placement_partition_number": null,
            "primary_network_interface_id": "eni-08843f34265159c42",
            "private_dns": "ip-172-31-21-181.us-east-2.compute.internal",
            "private_ip": "172.31.21.181",
            "public_dns": "ec2-18-223-186-75.us-east-2.compute.amazonaws.com",
            "public_ip": "18.223.186.75",
            "root_block_device": [
              {
                "delete_on_termination": true,
                "device_name": "/dev/sda1",
                "encrypted": false,
                "iops": 100,
                "kms_key_id": "",
                "tags": {},
                "throughput": 0,
                "volume_id": "vol-075cb05c1fcc9b7b2",
                "volume_size": 8,
                "volume_type": "gp2"
              }
            ],
            "secondary_private_ips": [],
            "security_groups": [
              "default"
            ],
            "source_dest_check": true,
            "subnet_id": "subnet-4b00d536",
            "tags": {},
            "tags_all": {},
            "tenancy": "default",
            "timeouts": null,
            "user_data": null,
            "user_data_base64": null,
            "volume_tags": null,
            "vpc_security_group_ids": [
              "sg-55288319"
            ]
          },
          "sensitive_attributes": [],
          "private": "eyJlMmJmYjczMC1lY2FhLTExZTYtOGY4OC0zNDM2M2JjN2M0YzAiOnsiY3JlYXRlIjo2MDAwMDAwMDAwMDAsImRlbGV0ZSI6MTIwMDAwMDAwMDAwMCwidXBkYXRlIjo2MDAwMDAwMDAwMDB9LCJzY2hlbWFfdmVyc2lvbiI6IjEifQ=="
        }
      ]
    }
  ]
}
